{
  "requires": true,
  "lockfileVersion": 1,
  "dependencies": {
    "vuejs-toggle-switch": {
      "version": "1.3.3",
      "resolved": "https://registry.npmjs.org/vuejs-toggle-switch/-/vuejs-toggle-switch-1.3.3.tgz",
      "integrity": "sha512-eE3dOSdGlD+DK5BCFOkpK0tkFHmuKpFZF8KMHP6Fd+8uEPNHPtBxVPYLFpwRwiaJ1zgQDNARI7eC/Hw7WDY/wQ=="
    }
  }
}
